
Microsoft Visual Studio Solution File, Format Version 12.00
# Visual Studio Version 16
VisualStudioVersion = 16.0.29025.244
MinimumVisualStudioVersion = 10.0.40219.1
Project("{FAE04EC0-301F-11D3-BF4B-00C04F79EFBC}") = "CM_API", "CM_API\CM_API.csproj", "{FBD08F01-FA1B-4BBA-9526-77EB17E73529}"
EndProject
Global
	GlobalSection(SolutionConfigurationPlatforms) = preSolution
		Debug|Any CPU = Debug|Any CPU
		Release|Any CPU = Release|Any CPU
	EndGlobalSection
	GlobalSection(ProjectConfigurationPlatforms) = postSolution
		{FBD08F01-FA1B-4BBA-9526-77EB17E73529}.Debug|Any CPU.ActiveCfg = Debug|Any CPU
		{FBD08F01-FA1B-4BBA-9526-77EB17E73529}.Debug|Any CPU.Build.0 = Debug|Any CPU
		{FBD08F01-FA1B-4BBA-9526-77EB17E73529}.Release|Any CPU.ActiveCfg = Release|Any CPU
		{FBD08F01-FA1B-4BBA-9526-77EB17E73529}.Release|Any CPU.Build.0 = Release|Any CPU
	EndGlobalSection
	GlobalSection(SolutionProperties) = preSolution
		HideSolutionNode = FALSE
	EndGlobalSection
	GlobalSection(ExtensibilityGlobals) = postSolution
		SolutionGuid = {585593DE-832C-405D-B93D-B4A03EDDC8E9}
	EndGlobalSection
EndGlobal
